{
  "name": "campaign-mailer",
  "version": "0.1.0",
  "lockfileVersion": 3,
  "requires": true,
  "packages": {
    "": {
      "name": "campaign-mailer",
      "version": "0.1.0",
      "license": "SEE LICENSE IN LICENSE",
      "workspaces": [
        "frontend",
        "backend"
      ],
      "engines": {
        "node": ">=22.0.0",
        "npm": ">=10.0.0"
      }
    }
  }
}
